// !$*UTF8*$!
{
	archiveVersion = 1;
	classes = {
	};
	objectVersion = 77;
	objects = {

/* Begin PBXContainerItemProxy section */
		3FFFFCA72E3F10B0001CFC33 /* PBXContainerItemProxy */ = {
			isa = PBXContainerItemProxy;
			containerPortal = 3FFFFC912E3F10AD001CFC33 /* Project object */;
			proxyType = 1;
			remoteGlobalIDString = 3FFFFC982E3F10AD001CFC33;
			remoteInfo = TidyTaps;
		};
		3FFFFCB12E3F10B0001CFC33 /* PBXContainerItemProxy */ = {
			isa = PBXContainerItemProxy;
			containerPortal = 3FFFFC912E3F10AD001CFC33 /* Project object */;
			proxyType = 1;
			remoteGlobalIDString = 3FFFFC982E3F10AD001CFC33;
			remoteInfo = TidyTaps;
		};
/* End PBXContainerItemProxy section */

/* Begin PBXFileReference section */
		3FD9DAC02E40581200E05112 /* TidyTaps.app */ = {isa = PBXFileReference; explicitFileType = wrapper.application; includeInIndex = 0; path = TidyTaps.app; sourceTree = BUILT_PRODUCTS_DIR; };
		3FD9DAC12E40581200E05112 /* TidyTapsTests.xctest */ = {isa = PBXFileReference; explicitFileType = wrapper.cfbundle; includeInIndex = 0; path = TidyTapsTests.xctest; sourceTree = BUILT_PRODUCTS_DIR; };
		3FD9DAC22E40581200E05112 /* TidyTapsUITests.xctest */ = {isa = PBXFileReference; explicitFileType = wrapper.cfbundle; includeInIndex = 0; path = TidyTapsUITests.xctest; sourceTree = BUILT_PRODUCTS_DIR; };
/* End PBXFileReference section */

/* Begin PBXFileSystemSynchronizedBuildFileExceptionSet section */
		3F8E426B2E48691A00FA14AF /* Exceptions for "TidyTaps" folder in "TidyTaps" target */ = {
			isa = PBXFileSystemSynchronizedBuildFileExceptionSet;
			membershipExceptions = (
				Info.plist,
			);
			target = 3FFFFC982E3F10AD001CFC33 /* TidyTaps */;
		};
/* End PBXFileSystemSynchronizedBuildFileExceptionSet section */

/* Begin PBXFileSystemSynchronizedRootGroup section */
		3FFFFC9B2E3F10AD001CFC33 /* TidyTaps */ = {
			isa = PBXFileSystemSynchronizedRootGroup;
			exceptions = (
				3F8E426B2E48691A00FA14AF /* Exceptions for "TidyTaps" folder in "TidyTaps" target */,
			);
			path = TidyTaps;
			sourceTree = "<group>";
		};
		3FFFFCA92E3F10B0001CFC33 /* TidyTapsTests */ = {
			isa = PBXFileSystemSynchronizedRootGroup;
			path = TidyTapsTests;
			sourceTree = "<group>";
		};
		3FFFFCB32E3F10B0001CFC33 /* TidyTapsUITests */ = {
			isa = PBXFileSystemSynchronizedRootGroup;
			path = TidyTapsUITests;
			sourceTree = "<group>";
		};
/* End PBXFileSystemSynchronizedRootGroup section */

/* Begin PBXFrameworksBuildPhase section */
		3FFFFC962E3F10AD001CFC33 /* Frameworks */ = {
			isa = PBXFrameworksBuildPhase;
			buildActionMask = 2147483647;
			files = (
			);
			runOnlyForDeploymentPostprocessing = 0;
		};
		3FFFFCA32E3F10B0001CFC33 /* Frameworks */ = {
			isa = PBXFrameworksBuildPhase;
			buildActionMask = 2147483647;
			files = (
			);
			runOnlyForDeploymentPostprocessing = 0;
		};
		3FFFFCAD2E3F10B0001CFC33 /* Frameworks */ = {
			isa = PBXFrameworksBuildPhase;
			buildActionMask = 2147483647;
			files = (
			);
			runOnlyForDeploymentPostprocessing = 0;
		};
/* End PBXFrameworksBuildPhase section */

/* Begin PBXGroup section */
		3FFFFC902E3F10AD001CFC33 = {
			isa = PBXGroup;
			children = (
				3FFFFC9B2E3F10AD001CFC33 /* TidyTaps */,
				3FFFFCA92E3F10B0001CFC33 /* TidyTapsTests */,
				3FFFFCB32E3F10B0001CFC33 /* TidyTapsUITests */,
				3FD9DAC02E40581200E05112 /* TidyTaps.app */,
				3FD9DAC12E40581200E05112 /* TidyTapsTests.xctest */,
				3FD9DAC22E40581200E05112 /* TidyTapsUITests.xctest */,
			);
			sourceTree = "<group>";
		};
/* End PBXGroup section */

/* Begin PBXNativeTarget section */
		3FFFFC982E3F10AD001CFC33 /* TidyTaps */ = {
			isa = PBXNativeTarget;
			buildConfigurationList = 3FFFFCBA2E3F10B0001CFC33 /* Build configuration list for PBXNativeTarget "TidyTaps" */;
			buildPhases = (
				3FFFFC952E3F10AD001CFC33 /* Sources */,
				3FFFFC962E3F10AD001CFC33 /* Frameworks */,
				3FFFFC972E3F10AD001CFC33 /* Resources */,
			);
			buildRules = (
			);
			dependencies = (
			);
			fileSystemSynchronizedGroups = (
				3FFFFC9B2E3F10AD001CFC33 /* TidyTaps */,
			);
			name = TidyTaps;
			packageProductDependencies = (
			);
			productName = TidyTaps;
			productReference = 3FD9DAC02E40581200E05112 /* TidyTaps.app */;
			productType = "com.apple.product-type.application";
		};
		3FFFFCA52E3F10B0001CFC33 /* TidyTapsTests */ = {
			isa = PBXNativeTarget;
			buildConfigurationList = 3FFFFCBD2E3F10B0001CFC33 /* Build configuration list for PBXNativeTarget "TidyTapsTests" */;
			buildPhases = (
				3FFFFCA22E3F10B0001CFC33 /* Sources */,
				3FFFFCA32E3F10B0001CFC33 /* Frameworks */,
				3FFFFCA42E3F10B0001CFC33 /* Resources */,
			);
			buildRules = (
			);
			dependencies = (
				3FFFFCA82E3F10B0001CFC33 /* PBXTargetDependency */,
			);
			fileSystemSynchronizedGroups = (
				3FFFFCA92E3F10B0001CFC33 /* TidyTapsTests */,
			);
			name = TidyTapsTests;
			packageProductDependencies = (
			);
			productName = TidyTapsTests;
			productReference = 3FD9DAC12E40581200E05112 /* TidyTapsTests.xctest */;
			productType = "com.apple.product-type.bundle.unit-test";
		};
		3FFFFCAF2E3F10B0001CFC33 /* TidyTapsUITests */ = {
			isa = PBXNativeTarget;
			buildConfigurationList = 3FFFFCC02E3F10B0001CFC33 /* Build configuration list for PBXNativeTarget "TidyTapsUITests" */;
			buildPhases = (
				3FFFFCAC2E3F10B0001CFC33 /* Sources */,
				3FFFFCAD2E3F10B0001CFC33 /* Frameworks */,
				3FFFFCAE2E3F10B0001CFC33 /* Resources */,
			);
			buildRules = (
			);
			dependencies = (
				3FFFFCB22E3F10B0001CFC33 /* PBXTargetDependency */,
			);
			fileSystemSynchronizedGroups = (
				3FFFFCB32E3F10B0001CFC33 /* TidyTapsUITests */,
			);
			name = TidyTapsUITests;
			packageProductDependencies = (
			);
			productName = TidyTapsUITests;
			productReference = 3FD9DAC22E40581200E05112 /* TidyTapsUITests.xctest */;
			productType = "com.apple.product-type.bundle.ui-testing";
		};
/* End PBXNativeTarget section */

/* Begin PBXProject section */
		3FFFFC912E3F10AD001CFC33 /* Project object */ = {
			isa = PBXProject;
			attributes = {
				BuildIndependentTargetsInParallel = 1;
				LastSwiftUpdateCheck = 1640;
				LastUpgradeCheck = 1640;
				TargetAttributes = {
					3FFFFC982E3F10AD001CFC33 = {
						CreatedOnToolsVersion = 16.4;
					};
					3FFFFCA52E3F10B0001CFC33 = {
						CreatedOnToolsVersion = 16.4;
						TestTargetID = 3FFFFC982E3F10AD001CFC33;
					};
					3FFFFCAF2E3F10B0001CFC33 = {
						CreatedOnToolsVersion = 16.4;
						TestTargetID = 3FFFFC982E3F10AD001CFC33;
					};
				};
			};
			buildConfigurationList = 3FFFFC942E3F10AD001CFC33 /* Build configuration list for PBXProject "TidyTaps" */;
			developmentRegion = en;
			hasScannedForEncodings = 0;
			knownRegions = (
				en,
				Base,
			);
			mainGroup = 3FFFFC902E3F10AD001CFC33;
			minimizedProjectReferenceProxies = 1;
			preferredProjectObjectVersion = 77;
			productRefGroup = 3FFFFC902E3F10AD001CFC33;
			projectDirPath = "";
			projectRoot = "";
			targets = (
				3FFFFC982E3F10AD001CFC33 /* TidyTaps */,
				3FFFFCA52E3F10B0001CFC33 /* TidyTapsTests */,
				3FFFFCAF2E3F10B0001CFC33 /* TidyTapsUITests */,
			);
		};
/* End PBXProject section */

/* Begin PBXResourcesBuildPhase section */
		3FFFFC972E3F10AD001CFC33 /* Resources */ = {
			isa = PBXResourcesBuildPhase;
			buildActionMask = 2147483647;
			files = (
			);
			runOnlyForDeploymentPostprocessing = 0;
		};
		3FFFFCA42E3F10B0001CFC33 /* Resources */ = {
			isa = PBXResourcesBuildPhase;
			buildActionMask = 2147483647;
			files = (
			);
			runOnlyForDeploymentPostprocessing = 0;
		};
		3FFFFCAE2E3F10B0001CFC33 /* Resources */ = {
			isa = PBXResourcesBuildPhase;
			buildActionMask = 2147483647;
			files = (
			);
			runOnlyForDeploymentPostprocessing = 0;
		};
/* End PBXResourcesBuildPhase section */

/* Begin PBXSourcesBuildPhase section */
		3FFFFC952E3F10AD001CFC33 /* Sources */ = {
			isa = PBXSourcesBuildPhase;
			buildActionMask = 2147483647;
			files = (
			);
			runOnlyForDeploymentPostprocessing = 0;
		};
		3FFFFCA22E3F10B0001CFC33 /* Sources */ = {
			isa = PBXSourcesBuildPhase;
			buildActionMask = 2147483647;
			files = (
			);
			runOnlyForDeploymentPostprocessing = 0;
		};
		3FFFFCAC2E3F10B0001CFC33 /* Sources */ = {
			isa = PBXSourcesBuildPhase;
			buildActionMask = 2147483647;
			files = (
			);
			runOnlyForDeploymentPostprocessing = 0;
		};
/* End PBXSourcesBuildPhase section */

/* Begin PBXTargetDependency section */
		3FFFFCA82E3F10B0001CFC33 /* PBXTargetDependency */ = {
			isa = PBXTargetDependency;
			target = 3FFFFC982E3F10AD001CFC33 /* TidyTaps */;
			targetProxy = 3FFFFCA72E3F10B0001CFC33 /* PBXContainerItemProxy */;
		};
		3FFFFCB22E3F10B0001CFC33 /* PBXTargetDependency */ = {
			isa = PBXTargetDependency;
			target = 3FFFFC982E3F10AD001CFC33 /* TidyTaps */;
			targetProxy = 3FFFFCB12E3F10B0001CFC33 /* PBXContainerItemProxy */;
		};
/* End PBXTargetDependency section */

/* Begin XCBuildConfiguration section */
		3FFFFCB82E3F10B0001CFC33 /* Debug */ = {
			isa = XCBuildConfiguration;
			buildSettings = {
				ALWAYS_SEARCH_USER_PATHS = NO;
				ASSETCATALOG_COMPILER_GENERATE_SWIFT_ASSET_SYMBOL_EXTENSIONS = YES;
				CLANG_ANALYZER_NONNULL = YES;
				CLANG_ANALYZER_NUMBER_OBJECT_CONVERSION = YES_AGGRESSIVE;
				CLANG_CXX_LANGUAGE_STANDARD = "gnu++20";
				CLANG_ENABLE_MODULES = YES;
				CLANG_ENABLE_OBJC_ARC = YES;
				CLANG_ENABLE_OBJC_WEAK = YES;
				CLANG_WARN_BLOCK_CAPTURE_AUTORELEASING = YES;
				CLANG_WARN_BOOL_CONVERSION = YES;
				CLANG_WARN_COMMA = YES;
				CLANG_WARN_CONSTANT_CONVERSION = YES;
				CLANG_WARN_DEPRECATED_OBJC_IMPLEMENTATIONS = YES;
				CLANG_WARN_DIRECT_OBJC_ISA_USAGE = YES_ERROR;
				CLANG_WARN_DOCUMENTATION_COMMENTS = YES;
				CLANG_WARN_EMPTY_BODY = YES;
				CLANG_WARN_ENUM_CONVERSION = YES;
				CLANG_WARN_INFINITE_RECURSION = YES;
				CLANG_WARN_INT_CONVERSION = YES;
				CLANG_WARN_NON_LITERAL_NULL_CONVERSION = YES;
				CLANG_WARN_OBJC_IMPLICIT_RETAIN_SELF = YES;
				CLANG_WARN_OBJC_LITERAL_CONVERSION = YES;
				CLANG_WARN_OBJC_ROOT_CLASS = YES_ERROR;
				CLANG_WARN_QUOTED_INCLUDE_IN_FRAMEWORK_HEADER = YES;
				CLANG_WARN_RANGE_LOOP_ANALYSIS = YES;
				CLANG_WARN_STRICT_PROTOTYPES = YES;
				CLANG_WARN_SUSPICIOUS_MOVE = YES;
				CLANG_WARN_UNGUARDED_AVAILABILITY = YES_AGGRESSIVE;
				CLANG_WARN_UNREACHABLE_CODE = YES;
				CLANG_WARN__DUPLICATE_METHOD_MATCH = YES;
				COPY_PHASE_STRIP = NO;
				DEBUG_INFORMATION_FORMAT = dwarf;
				DEVELOPMENT_TEAM = XVXA4894BZ;
				ENABLE_STRICT_OBJC_MSGSEND = YES;
				ENABLE_TESTABILITY = YES;
				ENABLE_USER_SCRIPT_SANDBOXING = YES;
				GCC_C_LANGUAGE_STANDARD = gnu17;
				GCC_DYNAMIC_NO_PIC = NO;
				GCC_NO_COMMON_BLOCKS = YES;
				GCC_OPTIMIZATION_LEVEL = 0;
				GCC_PREPROCESSOR_DEFINITIONS = (
					"DEBUG=1",
					"$(inherited)",
				);
				GCC_WARN_64_TO_32_BIT_CONVERSION = YES;
				GCC_WARN_ABOUT_RETURN_TYPE = YES_ERROR;
				GCC_WARN_UNDECLARED_SELECTOR = YES;
				GCC_WARN_UNINITIALIZED_AUTOS = YES_AGGRESSIVE;
				GCC_WARN_UNUSED_FUNCTION = YES;
				GCC_WARN_UNUSED_VARIABLE = YES;
				IPHONEOS_DEPLOYMENT_TARGET = 18.5;
				LOCALIZATION_PREFERS_STRING_CATALOGS = YES;
				MTL_ENABLE_DEBUG_INFO = INCLUDE_SOURCE;
				MTL_FAST_MATH = YES;
				ONLY_ACTIVE_ARCH = YES;
				SDKROOT = iphoneos;
				SWIFT_ACTIVE_COMPILATION_CONDITIONS = "DEBUG $(inherited)";
				SWIFT_OPTIMIZATION_LEVEL = "-Onone";
			};
			name = Debug;
		};
		3FFFFCB92E3F10B0001CFC33 /* Release */ = {
			isa = XCBuildConfiguration;
			buildSettings = {
				ALWAYS_SEARCH_USER_PATHS = NO;
				ASSETCATALOG_COMPILER_GENERATE_SWIFT_ASSET_SYMBOL_EXTENSIONS = YES;
				CLANG_ANALYZER_NONNULL = YES;
				CLANG_ANALYZER_NUMBER_OBJECT_CONVERSION = YES_AGGRESSIVE;
				CLANG_CXX_LANGUAGE_STANDARD = "gnu++20";
				CLANG_ENABLE_MODULES = YES;
				CLANG_ENABLE_OBJC_ARC = YES;
				CLANG_ENABLE_OBJC_WEAK = YES;
				CLANG_WARN_BLOCK_CAPTURE_AUTORELEASING = YES;
				CLANG_WARN_BOOL_CONVERSION = YES;
				CLANG_WARN_COMMA = YES;
				CLANG_WARN_CONSTANT_CONVERSION = YES;
				CLANG_WARN_DEPRECATED_OBJC_IMPLEMENTATIONS = YES;
				CLANG_WARN_DIRECT_OBJC_ISA_USAGE = YES_ERROR;
				CLANG_WARN_DOCUMENTATION_COMMENTS = YES;
				CLANG_WARN_EMPTY_BODY = YES;
				CLANG_WARN_ENUM_CONVERSION = YES;
				CLANG_WARN_INFINITE_RECURSION = YES;
				CLANG_WARN_INT_CONVERSION = YES;
				CLANG_WARN_NON_LITERAL_NULL_CONVERSION = YES;
				CLANG_WARN_OBJC_IMPLICIT_RETAIN_SELF = YES;
				CLANG_WARN_OBJC_LITERAL_CONVERSION = YES;
				CLANG_WARN_OBJC_ROOT_CLASS = YES_ERROR;
				CLANG_WARN_QUOTED_INCLUDE_IN_FRAMEWORK_HEADER = YES;
				CLANG_WARN_RANGE_LOOP_ANALYSIS = YES;
				CLANG_WARN_STRICT_PROTOTYPES = YES;
				CLANG_WARN_SUSPICIOUS_MOVE = YES;
				CLANG_WARN_UNGUARDED_AVAILABILITY = YES_AGGRESSIVE;
				CLANG_WARN_UNREACHABLE_CODE = YES;
				CLANG_WARN__DUPLICATE_METHOD_MATCH = YES;
				COPY_PHASE_STRIP = NO;
				DEBUG_INFORMATION_FORMAT = "dwarf-with-dsym";
				DEVELOPMENT_TEAM = XVXA4894BZ;
				ENABLE_NS_ASSERTIONS = NO;
				ENABLE_STRICT_OBJC_MSGSEND = YES;
				ENABLE_USER_SCRIPT_SANDBOXING = YES;
				GCC_C_LANGUAGE_STANDARD = gnu17;
				GCC_NO_COMMON_BLOCKS = YES;
				GCC_WARN_64_TO_32_BIT_CONVERSION = YES;
				GCC_WARN_ABOUT_RETURN_TYPE = YES_ERROR;
				GCC_WARN_UNDECLARED_SELECTOR = YES;
				GCC_WARN_UNINITIALIZED_AUTOS = YES_AGGRESSIVE;
				GCC_WARN_UNUSED_FUNCTION = YES;
				GCC_WARN_UNUSED_VARIABLE = YES;
				IPHONEOS_DEPLOYMENT_TARGET = 18.5;
				LOCALIZATION_PREFERS_STRING_CATALOGS = YES;
				MTL_ENABLE_DEBUG_INFO = NO;
				MTL_FAST_MATH = YES;
				SDKROOT = iphoneos;
				SWIFT_COMPILATION_MODE = wholemodule;
				VALIDATE_PRODUCT = YES;
			};
			name = Release;
		};
		3FFFFCBB2E3F10B0001CFC33 /* Debug */ = {
			isa = XCBuildConfiguration;
			buildSettings = {
				ASSETCATALOG_COMPILER_APPICON_NAME = AppIcon;
				ASSETCATALOG_COMPILER_GLOBAL_ACCENT_COLOR_NAME = AccentColor;
				CODE_SIGN_STYLE = Automatic;
				CURRENT_PROJECT_VERSION = 1;
				DEVELOPMENT_TEAM = XVXA4894BZ;
				ENABLE_PREVIEWS = YES;
				GENERATE_INFOPLIST_FILE = YES;
				INFOPLIST_FILE = TidyTaps/Info.plist;
				INFOPLIST_KEY_UIApplicationSceneManifest_Generation = YES;
				INFOPLIST_KEY_UIApplicationSupportsIndirectInputEvents = YES;
				INFOPLIST_KEY_UILaunchScreen_Generation = YES;
				INFOPLIST_KEY_UISupportedInterfaceOrientations_iPad = "UIInterfaceOrientationPortrait UIInterfaceOrientationPortraitUpsideDown UIInterfaceOrientationLandscapeLeft UIInterfaceOrientationLandscapeRight";
				INFOPLIST_KEY_UISupportedInterfaceOrientations_iPhone = "UIInterfaceOrientationPortrait UIInterfaceOrientationLandscapeLeft UIInterfaceOrientationLandscapeRight";
				LD_RUNPATH_SEARCH_PATHS = (
					"$(inherited)",
					"@executable_path/Frameworks",
				);
				MARKETING_VERSION = 1.0;
				PRODUCT_BUNDLE_IDENTIFIER = com.typhoto.TidyTaps;
				PRODUCT_NAME = "$(TARGET_NAME)";
				SWIFT_EMIT_LOC_STRINGS = YES;
				SWIFT_VERSION = 5.0;
				TARGETED_DEVICE_FAMILY = "1,2";
			};
			name = Debug;
		};
		3FFFFCBC2E3F10B0001CFC33 /* Release */ = {
			isa = XCBuildConfiguration;
			buildSettings = {
				ASSETCATALOG_COMPILER_APPICON_NAME = AppIcon;
				ASSETCATALOG_COMPILER_GLOBAL_ACCENT_COLOR_NAME = AccentColor;
				CODE_SIGN_STYLE = Automatic;
				CURRENT_PROJECT_VERSION = 1;
				DEVELOPMENT_TEAM = XVXA4894BZ;
				ENABLE_PREVIEWS = YES;
				GENERATE_INFOPLIST_FILE = YES;
				INFOPLIST_FILE = TidyTaps/Info.plist;
				INFOPLIST_KEY_UIApplicationSceneManifest_Generation = YES;
				INFOPLIST_KEY_UIApplicationSupportsIndirectInputEvents = YES;
				INFOPLIST_KEY_UILaunchScreen_Generation = YES;
				INFOPLIST_KEY_UISupportedInterfaceOrientations_iPad = "UIInterfaceOrientationPortrait UIInterfaceOrientationPortraitUpsideDown UIInterfaceOrientationLandscapeLeft UIInterfaceOrientationLandscapeRight";
				INFOPLIST_KEY_UISupportedInterfaceOrientations_iPhone = "UIInterfaceOrientationPortrait UIInterfaceOrientationLandscapeLeft UIInterfaceOrientationLandscapeRight";
				LD_RUNPATH_SEARCH_PATHS = (
					"$(inherited)",
					"@executable_path/Frameworks",
				);
				MARKETING_VERSION = 1.0;
				PRODUCT_BUNDLE_IDENTIFIER = com.typhoto.TidyTaps;
				PRODUCT_NAME = "$(TARGET_NAME)";
				SWIFT_EMIT_LOC_STRINGS = YES;
				SWIFT_VERSION = 5.0;
				TARGETED_DEVICE_FAMILY = "1,2";
			};
			name = Release;
		};
		3FFFFCBE2E3F10B0001CFC33 /* Debug */ = {
			isa = XCBuildConfiguration;
			buildSettings = {
				BUNDLE_LOADER = "$(TEST_HOST)";
				CODE_SIGN_STYLE = Automatic;
				CURRENT_PROJECT_VERSION = 1;
				DEVELOPMENT_TEAM = XVXA4894BZ;
				GENERATE_INFOPLIST_FILE = YES;
				IPHONEOS_DEPLOYMENT_TARGET = 18.5;
				MARKETING_VERSION = 1.0;
				PRODUCT_BUNDLE_IDENTIFIER = com.typhoto.TidyTapsTests;
				PRODUCT_NAME = "$(TARGET_NAME)";
				SWIFT_EMIT_LOC_STRINGS = NO;
				SWIFT_VERSION = 5.0;
				TARGETED_DEVICE_FAMILY = "1,2";
				TEST_HOST = "$(BUILT_PRODUCTS_DIR)/TidyTaps.app/$(BUNDLE_EXECUTABLE_FOLDER_PATH)/TidyTaps";
			};
			name = Debug;
		};
		3FFFFCBF2E3F10B0001CFC33 /* Release */ = {
			isa = XCBuildConfiguration;
			buildSettings = {
				BUNDLE_LOADER = "$(TEST_HOST)";
				CODE_SIGN_STYLE = Automatic;
				CURRENT_PROJECT_VERSION = 1;
				DEVELOPMENT_TEAM = XVXA4894BZ;
				GENERATE_INFOPLIST_FILE = YES;
				IPHONEOS_DEPLOYMENT_TARGET = 18.5;
				MARKETING_VERSION = 1.0;
				PRODUCT_BUNDLE_IDENTIFIER = com.typhoto.TidyTapsTests;
				PRODUCT_NAME = "$(TARGET_NAME)";
				SWIFT_EMIT_LOC_STRINGS = NO;
				SWIFT_VERSION = 5.0;
				TARGETED_DEVICE_FAMILY = "1,2";
				TEST_HOST = "$(BUILT_PRODUCTS_DIR)/TidyTaps.app/$(BUNDLE_EXECUTABLE_FOLDER_PATH)/TidyTaps";
			};
			name = Release;
		};
		3FFFFCC12E3F10B0001CFC33 /* Debug */ = {
			isa = XCBuildConfiguration;
			buildSettings = {
				CODE_SIGN_STYLE = Automatic;
				CURRENT_PROJECT_VERSION = 1;
				DEVELOPMENT_TEAM = XVXA4894BZ;
				GENERATE_INFOPLIST_FILE = YES;
				MARKETING_VERSION = 1.0;
				PRODUCT_BUNDLE_IDENTIFIER = com.typhoto.TidyTapsUITests;
				PRODUCT_NAME = "$(TARGET_NAME)";
				SWIFT_EMIT_LOC_STRINGS = NO;
				SWIFT_VERSION = 5.0;
				TARGETED_DEVICE_FAMILY = "1,2";
				TEST_TARGET_NAME = TidyTaps;
			};
			name = Debug;
		};
		3FFFFCC22E3F10B0001CFC33 /* Release */ = {
			isa = XCBuildConfiguration;
			buildSettings = {
				CODE_SIGN_STYLE = Automatic;
				CURRENT_PROJECT_VERSION = 1;
				DEVELOPMENT_TEAM = XVXA4894BZ;
				GENERATE_INFOPLIST_FILE = YES;
				MARKETING_VERSION = 1.0;
				PRODUCT_BUNDLE_IDENTIFIER = com.typhoto.TidyTapsUITests;
				PRODUCT_NAME = "$(TARGET_NAME)";
				SWIFT_EMIT_LOC_STRINGS = NO;
				SWIFT_VERSION = 5.0;
				TARGETED_DEVICE_FAMILY = "1,2";
				TEST_TARGET_NAME = TidyTaps;
			};
			name = Release;
		};
/* End XCBuildConfiguration section */

/* Begin XCConfigurationList section */
		3FFFFC942E3F10AD001CFC33 /* Build configuration list for PBXProject "TidyTaps" */ = {
			isa = XCConfigurationList;
			buildConfigurations = (
				3FFFFCB82E3F10B0001CFC33 /* Debug */,
				3FFFFCB92E3F10B0001CFC33 /* Release */,
			);
			defaultConfigurationIsVisible = 0;
			defaultConfigurationName = Release;
		};
		3FFFFCBA2E3F10B0001CFC33 /* Build configuration list for PBXNativeTarget "TidyTaps" */ = {
			isa = XCConfigurationList;
			buildConfigurations = (
				3FFFFCBB2E3F10B0001CFC33 /* Debug */,
				3FFFFCBC2E3F10B0001CFC33 /* Release */,
			);
			defaultConfigurationIsVisible = 0;
			defaultConfigurationName = Release;
		};
		3FFFFCBD2E3F10B0001CFC33 /* Build configuration list for PBXNativeTarget "TidyTapsTests" */ = {
			isa = XCConfigurationList;
			buildConfigurations = (
				3FFFFCBE2E3F10B0001CFC33 /* Debug */,
				3FFFFCBF2E3F10B0001CFC33 /* Release */,
			);
			defaultConfigurationIsVisible = 0;
			defaultConfigurationName = Release;
		};
		3FFFFCC02E3F10B0001CFC33 /* Build configuration list for PBXNativeTarget "TidyTapsUITests" */ = {
			isa = XCConfigurationList;
			buildConfigurations = (
				3FFFFCC12E3F10B0001CFC33 /* Debug */,
				3FFFFCC22E3F10B0001CFC33 /* Release */,
			);
			defaultConfigurationIsVisible = 0;
			defaultConfigurationName = Release;
		};
/* End XCConfigurationList section */
	};
	rootObject = 3FFFFC912E3F10AD001CFC33 /* Project object */;
}
